
Microsoft Visual Studio Solution File, Format Version 12.00
# Visual Studio Version 17
VisualStudioVersion = 17.9.34622.214
MinimumVisualStudioVersion = 10.0.40219.1
Project("{8BC9CEB8-8B4A-11D0-8D11-00A0C91BC942}") = "Framework_Template_Example", "Framework_Template_Example\Framework_Template_Example.vcxproj", "{019F7344-7D08-4233-8B8D-A892B4D9843C}"
EndProject
Global
	GlobalSection(SolutionConfigurationPlatforms) = preSolution
		Debug|x64 = Debug|x64
		Debug|x86 = Debug|x86
		Release|x64 = Release|x64
		Release|x86 = Release|x86
	EndGlobalSection
	GlobalSection(ProjectConfigurationPlatforms) = postSolution
		{019F7344-7D08-4233-8B8D-A892B4D9843C}.Debug|x64.ActiveCfg = Debug|x64
		{019F7344-7D08-4233-8B8D-A892B4D9843C}.Debug|x64.Build.0 = Debug|x64
		{019F7344-7D08-4233-8B8D-A892B4D9843C}.Debug|x86.ActiveCfg = Debug|Win32
		{019F7344-7D08-4233-8B8D-A892B4D9843C}.Debug|x86.Build.0 = Debug|Win32
		{019F7344-7D08-4233-8B8D-A892B4D9843C}.Release|x64.ActiveCfg = Release|x64
		{019F7344-7D08-4233-8B8D-A892B4D9843C}.Release|x64.Build.0 = Release|x64
		{019F7344-7D08-4233-8B8D-A892B4D9843C}.Release|x86.ActiveCfg = Release|Win32
		{019F7344-7D08-4233-8B8D-A892B4D9843C}.Release|x86.Build.0 = Release|Win32
	EndGlobalSection
	GlobalSection(SolutionProperties) = preSolution
		HideSolutionNode = FALSE
	EndGlobalSection
	GlobalSection(ExtensibilityGlobals) = postSolution
		SolutionGuid = {E36D3851-D638-4413-A03E-2B44D0A275DB}
	EndGlobalSection
EndGlobal
