<?xml version="1.0" encoding="utf-8"?>
<Project ToolsVersion="4.0" xmlns="http://schemas.microsoft.com/developer/msbuild/2003">
  <ItemGroup>
    <ClCompile Include="main.cpp">
      <Filter>Main</Filter>
    </ClCompile>
    <ClCompile Include="modes.cpp">
      <Filter>modes</Filter>
    </ClCompile>
  </ItemGroup>
  <ItemGroup>
    <ClInclude Include="Framework.h">
      <Filter>Framework</Filter>
    </ClInclude>
    <ClInclude Include="Objects.h">
      <Filter>Objects</Filter>
    </ClInclude>
    <ClInclude Include="FW_config.h">
      <Filter>Framework</Filter>
    </ClInclude>
    <ClInclude Include="modes.h">
      <Filter>modes</Filter>
    </ClInclude>
  </ItemGroup>
  <ItemGroup>
    <Filter Include="Framework">
      <UniqueIdentifier>{f8a6e217-57ac-4429-8159-90e56612a069}</UniqueIdentifier>
    </Filter>
    <Filter Include="Main">
      <UniqueIdentifier>{916aefd4-08b8-4cef-a54f-0797f994cc34}</UniqueIdentifier>
    </Filter>
    <Filter Include="Objects">
      <UniqueIdentifier>{81f74eaf-bef4-445a-88fa-f4b87f6d475c}</UniqueIdentifier>
    </Filter>
    <Filter Include="modes">
      <UniqueIdentifier>{961fda86-631e-4369-a457-115c4ad3a4bf}</UniqueIdentifier>
    </Filter>
  </ItemGroup>
</Project>